
Microsoft Visual Studio Solution File, Format Version 12.00
# Visual Studio 15
VisualStudioVersion = 15.0.27130.2003
MinimumVisualStudioVersion = 10.0.40219.1
Project("{FAE04EC0-301F-11D3-BF4B-00C04F79EFBC}") = "VideoReciver", "VideoReciver\VideoReciver.csproj", "{5F246594-D297-4A87-A615-D50780B8E453}"
EndProject
Project("{FAE04EC0-301F-11D3-BF4B-00C04F79EFBC}") = "VideoSender", "VideoSender\VideoSender.csproj", "{7DF0946E-478E-4454-964E-056AA4012F7E}"
EndProject
Global
	GlobalSection(SolutionConfigurationPlatforms) = preSolution
		Debug|Any CPU = Debug|Any CPU
		Release|Any CPU = Release|Any CPU
	EndGlobalSection
	GlobalSection(ProjectConfigurationPlatforms) = postSolution
		{5F246594-D297-4A87-A615-D50780B8E453}.Debug|Any CPU.ActiveCfg = Debug|Any CPU
		{5F246594-D297-4A87-A615-D50780B8E453}.Debug|Any CPU.Build.0 = Debug|Any CPU
		{5F246594-D297-4A87-A615-D50780B8E453}.Release|Any CPU.ActiveCfg = Release|Any CPU
		{5F246594-D297-4A87-A615-D50780B8E453}.Release|Any CPU.Build.0 = Release|Any CPU
		{7DF0946E-478E-4454-964E-056AA4012F7E}.Debug|Any CPU.ActiveCfg = Debug|Any CPU
		{7DF0946E-478E-4454-964E-056AA4012F7E}.Debug|Any CPU.Build.0 = Debug|Any CPU
		{7DF0946E-478E-4454-964E-056AA4012F7E}.Release|Any CPU.ActiveCfg = Release|Any CPU
		{7DF0946E-478E-4454-964E-056AA4012F7E}.Release|Any CPU.Build.0 = Release|Any CPU
	EndGlobalSection
	GlobalSection(SolutionProperties) = preSolution
		HideSolutionNode = FALSE
	EndGlobalSection
	GlobalSection(ExtensibilityGlobals) = postSolution
		SolutionGuid = {8BCF56AB-65EE-488C-866A-447BE13FCFE1}
	EndGlobalSection
EndGlobal
